
Microsoft Visual Studio Solution File, Format Version 12.00
# Visual Studio Version 17
VisualStudioVersion = 17.2.32630.192
MinimumVisualStudioVersion = 10.0.40219.1
Project("{8BC9CEB8-8B4A-11D0-8D11-00A0C91BC942}") = "Diffraction Monte-Carlo Integration", "Diffraction Monte-Carlo Integration\Diffraction Monte-Carlo Integration.vcxproj", "{3B0440CE-BCCF-451B-9D1E-7E5F45858CFA}"
EndProject
Project("{9A19103F-16F7-4668-BE54-9A1E7A4F7556}") = "Diffraction Monte-Carlo Integration.UI", "Diffraction Monte-Carlo Integration.UI\Diffraction Monte-Carlo Integration.UI.csproj", "{BB13A251-8FB9-4D5B-A71E-1688A7719E06}"
EndProject
Global
	GlobalSection(SolutionConfigurationPlatforms) = preSolution
		Debug|Any CPU = Debug|Any CPU
		Debug|x64 = Debug|x64
		Release|Any CPU = Release|Any CPU
		Release|x64 = Release|x64
	EndGlobalSection
	GlobalSection(ProjectConfigurationPlatforms) = postSolution
		{3B0440CE-BCCF-451B-9D1E-7E5F45858CFA}.Debug|Any CPU.ActiveCfg = Debug|x64
		{3B0440CE-BCCF-451B-9D1E-7E5F45858CFA}.Debug|Any CPU.Build.0 = Debug|x64
		{3B0440CE-BCCF-451B-9D1E-7E5F45858CFA}.Debug|x64.ActiveCfg = Debug|x64
		{3B0440CE-BCCF-451B-9D1E-7E5F45858CFA}.Debug|x64.Build.0 = Debug|x64
		{3B0440CE-BCCF-451B-9D1E-7E5F45858CFA}.Release|Any CPU.ActiveCfg = Release|x64
		{3B0440CE-BCCF-451B-9D1E-7E5F45858CFA}.Release|x64.ActiveCfg = Release|x64
		{3B0440CE-BCCF-451B-9D1E-7E5F45858CFA}.Release|x64.Build.0 = Release|x64
		{BB13A251-8FB9-4D5B-A71E-1688A7719E06}.Debug|Any CPU.ActiveCfg = Debug|Any CPU
		{BB13A251-8FB9-4D5B-A71E-1688A7719E06}.Debug|Any CPU.Build.0 = Debug|Any CPU
		{BB13A251-8FB9-4D5B-A71E-1688A7719E06}.Debug|x64.ActiveCfg = Debug|Any CPU
		{BB13A251-8FB9-4D5B-A71E-1688A7719E06}.Debug|x64.Build.0 = Debug|Any CPU
		{BB13A251-8FB9-4D5B-A71E-1688A7719E06}.Release|Any CPU.ActiveCfg = Release|Any CPU
		{BB13A251-8FB9-4D5B-A71E-1688A7719E06}.Release|Any CPU.Build.0 = Release|Any CPU
		{BB13A251-8FB9-4D5B-A71E-1688A7719E06}.Release|x64.ActiveCfg = Release|Any CPU
		{BB13A251-8FB9-4D5B-A71E-1688A7719E06}.Release|x64.Build.0 = Release|Any CPU
	EndGlobalSection
	GlobalSection(SolutionProperties) = preSolution
		HideSolutionNode = FALSE
	EndGlobalSection
	GlobalSection(ExtensibilityGlobals) = postSolution
		SolutionGuid = {C8CD4C65-8F1E-4D47-B395-9903D0DE6308}
	EndGlobalSection
EndGlobal
