
Microsoft Visual Studio Solution File, Format Version 12.00
# Visual Studio Version 17
VisualStudioVersion = 17.1.32319.34
MinimumVisualStudioVersion = 10.0.40219.1
Project("{8BC9CEB8-8B4A-11D0-8D11-00A0C91BC942}") = "Diffraction Monte-Carlo Integration", "Diffraction Monte-Carlo Integration.vcxproj", "{3B0440CE-BCCF-451B-9D1E-7E5F45858CFA}"
EndProject
Global
	GlobalSection(SolutionConfigurationPlatforms) = preSolution
		Debug|x64 = Debug|x64
		Release|x64 = Release|x64
	EndGlobalSection
	GlobalSection(ProjectConfigurationPlatforms) = postSolution
		{3B0440CE-BCCF-451B-9D1E-7E5F45858CFA}.Debug|x64.ActiveCfg = Debug|x64
		{3B0440CE-BCCF-451B-9D1E-7E5F45858CFA}.Debug|x64.Build.0 = Debug|x64
		{3B0440CE-BCCF-451B-9D1E-7E5F45858CFA}.Release|x64.ActiveCfg = Release|x64
		{3B0440CE-BCCF-451B-9D1E-7E5F45858CFA}.Release|x64.Build.0 = Release|x64
	EndGlobalSection
	GlobalSection(SolutionProperties) = preSolution
		HideSolutionNode = FALSE
	EndGlobalSection
	GlobalSection(ExtensibilityGlobals) = postSolution
		SolutionGuid = {C8CD4C65-8F1E-4D47-B395-9903D0DE6308}
	EndGlobalSection
EndGlobal
